// !$*UTF8*$!
{
	archiveVersion = 1;
	classes = {
	};
	objectVersion = 54;
	objects = {

/* Begin PBXBuildFile section */
		1498D2341E8E89220040F4C2 /* GeneratedPluginRegistrant.m in Sources */ = {isa = PBXBuildFile; fileRef = 1498D2331E8E89220040F4C2 /* GeneratedPluginRegistrant.m */; };
		331C808B294A63AB00263BE5 /* RunnerTests.swift in Sources */ = {isa = PBXBuildFile; fileRef = 331C807B294A618700263BE5 /* RunnerTests.swift */; };
		3B3967161E833CAA004F5970 /* AppFrameworkInfo.plist in Resources */ = {isa = PBXBuildFile; fileRef = 3B3967151E833CAA004F5970 /* AppFrameworkInfo.plist */; };
		4058479C1233B47F510CED4C /* Pods_RunnerTests.framework in Frameworks */ = {isa = PBXBuildFile; fileRef = 0CC849E078AD7C896DE57656 /* Pods_RunnerTests.framework */; };
		55433E352DF4040A00D2AA40 /* CoreAudio.framework in Frameworks */ = {isa = PBXBuildFile; fileRef = 55433E342DF4040A00D2AA40 /* CoreAudio.framework */; };
		55433E372DF4041800D2AA40 /* AudioToolbox.framework in Frameworks */ = {isa = PBXBuildFile; fileRef = 55433E362DF4041800D2AA40 /* AudioToolbox.framework */; };
		55433E3F2DF40A7F00D2AA40 /* AVFoundation.framework in Frameworks */ = {isa = PBXBuildFile; fileRef = 55433E3E2DF40A7F00D2AA40 /* AVFoundation.framework */; };
		5571F8C02DF776A00025EF91 /* conversion.mm in Sources */ = {isa = PBXBuildFile; fileRef = 5571F8BE2DF776980025EF91 /* conversion.mm */; };
		5571F8D42DF777200025EF91 /* lame.c in Sources */ = {isa = PBXBuildFile; fileRef = 5571F8C12DF777000025EF91 /* lame.c */; };
		5571F8D52DF777210025EF91 /* bitstream.c in Sources */ = {isa = PBXBuildFile; fileRef = 5571F8C22DF777010025EF91 /* bitstream.c */; };
		5571F8D62DF777220025EF91 /* encoder.c in Sources */ = {isa = PBXBuildFile; fileRef = 5571F8C32DF777020025EF91 /* encoder.c */; };
		5571F8D72DF777230025EF91 /* fft.c in Sources */ = {isa = PBXBuildFile; fileRef = 5571F8C42DF777030025EF91 /* fft.c */; };
		5571F8D82DF777240025EF91 /* id3tag.c in Sources */ = {isa = PBXBuildFile; fileRef = 5571F8C52DF777040025EF91 /* id3tag.c */; };
		5571F8D92DF777250025EF91 /* newmdct.c in Sources */ = {isa = PBXBuildFile; fileRef = 5571F8C62DF777050025EF91 /* newmdct.c */; };
		5571F8DA2DF777260025EF91 /* presets.c in Sources */ = {isa = PBXBuildFile; fileRef = 5571F8C72DF777060025EF91 /* presets.c */; };
		5571F8DB2DF777270025EF91 /* psymodel.c in Sources */ = {isa = PBXBuildFile; fileRef = 5571F8C82DF777070025EF91 /* psymodel.c */; };
		5571F8DC2DF777280025EF91 /* quantize.c in Sources */ = {isa = PBXBuildFile; fileRef = 5571F8C92DF777080025EF91 /* quantize.c */; };
		5571F8DD2DF777290025EF91 /* quantize_pvt.c in Sources */ = {isa = PBXBuildFile; fileRef = 5571F8CA2DF777090025EF91 /* quantize_pvt.c */; };
		5571F8DE2DF7772A0025EF91 /* reservoir.c in Sources */ = {isa = PBXBuildFile; fileRef = 5571F8CB2DF7770A0025EF91 /* reservoir.c */; };
		5571F8DF2DF7772B0025EF91 /* set_get.c in Sources */ = {isa = PBXBuildFile; fileRef = 5571F8CC2DF7770B0025EF91 /* set_get.c */; };
		5571F8E02DF7772C0025EF91 /* tables.c in Sources */ = {isa = PBXBuildFile; fileRef = 5571F8CD2DF7770C0025EF91 /* tables.c */; };
		5571F8E12DF7772D0025EF91 /* takehiro.c in Sources */ = {isa = PBXBuildFile; fileRef = 5571F8CE2DF7770D0025EF91 /* takehiro.c */; };
		5571F8E22DF7772E0025EF91 /* util.c in Sources */ = {isa = PBXBuildFile; fileRef = 5571F8CF2DF7770E0025EF91 /* util.c */; };
		5571F8E32DF7772F0025EF91 /* vbrquantize.c in Sources */ = {isa = PBXBuildFile; fileRef = 5571F8D02DF7770F0025EF91 /* vbrquantize.c */; };
		5571F8E42DF777300025EF91 /* VbrTag.c in Sources */ = {isa = PBXBuildFile; fileRef = 5571F8D12DF777100025EF91 /* VbrTag.c */; };
		5571F8E52DF777310025EF91 /* version.c in Sources */ = {isa = PBXBuildFile; fileRef = 5571F8D22DF777110025EF91 /* version.c */; };
		5571F8E62DF777320025EF91 /* gain_analysis.c in Sources */ = {isa = PBXBuildFile; fileRef = 5571F8D32DF777120025EF91 /* gain_analysis.c */; };
		5571F8E72DF77A000025EF91 /* table.mm in Sources */ = {isa = PBXBuildFile; fileRef = 5571F8E82DF77A000025EF91 /* table.mm */; };
		5571F8E92DF77A010025EF91 /* playback_sunvox.mm in Sources */ = {isa = PBXBuildFile; fileRef = 5571F8EA2DF77A010025EF91 /* playback_sunvox.mm */; };
		5571F8F02DF77A900025EF91 /* sample_bank.mm in Sources */ = {isa = PBXBuildFile; fileRef = 5571F8F12DF77A900025EF91 /* sample_bank.mm */; };
		5571F8F22DF77B0A0025EF91 /* miniaudio_impl.mm in Sources */ = {isa = PBXBuildFile; fileRef = 5571F8F32DF77B0A0025EF91 /* miniaudio_impl.mm */; };
		74858FAF1ED2DC5600515810 /* AppDelegate.swift in Sources */ = {isa = PBXBuildFile; fileRef = 74858FAE1ED2DC5600515810 /* AppDelegate.swift */; };
		97C146FC1CF9000F007C117D /* Main.storyboard in Resources */ = {isa = PBXBuildFile; fileRef = 97C146FA1CF9000F007C117D /* Main.storyboard */; };
		97C146FE1CF9000F007C117D /* Assets.xcassets in Resources */ = {isa = PBXBuildFile; fileRef = 97C146FD1CF9000F007C117D /* Assets.xcassets */; };
		97C147011CF9000F007C117D /* LaunchScreen.storyboard in Resources */ = {isa = PBXBuildFile; fileRef = 97C146FF1CF9000F007C117D /* LaunchScreen.storyboard */; };
		A1B2C3D40000000100000001 /* undo_redo.mm in Sources */ = {isa = PBXBuildFile; fileRef = A1B2C3D30000000100000001 /* undo_redo.mm */; };
		AA11BB231234567800000001 /* SoundTouch.cpp in Sources */ = {isa = PBXBuildFile; fileRef = ED50771697404BA7AC634852 /* SoundTouch.cpp */; };
		AA11BB241234567800000001 /* TDStretch.cpp in Sources */ = {isa = PBXBuildFile; fileRef = AA3AF4A3912A4ABDAD9E838A /* TDStretch.cpp */; };
		AA11BB251234567800000001 /* RateTransposer.cpp in Sources */ = {isa = PBXBuildFile; fileRef = 3C4F1830049B42E0AFD95848 /* RateTransposer.cpp */; };
		AA11BB261234567800000001 /* FIRFilter.cpp in Sources */ = {isa = PBXBuildFile; fileRef = D5AB5CA5AB3F43E0BAC124D5 /* FIRFilter.cpp */; };
		AA11BB271234567800000001 /* AAFilter.cpp in Sources */ = {isa = PBXBuildFile; fileRef = 35847BE15FCA42C5A76FA2CF /* AAFilter.cpp */; };
		AA11BB281234567800000001 /* FIFOSampleBuffer.cpp in Sources */ = {isa = PBXBuildFile; fileRef = 782A46936B534678A89417F0 /* FIFOSampleBuffer.cpp */; };
		AA11BB291234567800000001 /* InterpolateLinear.cpp in Sources */ = {isa = PBXBuildFile; fileRef = F2A7EF79040044F2A2CAB030 /* InterpolateLinear.cpp */; };
		AA11BB2A1234567800000001 /* InterpolateCubic.cpp in Sources */ = {isa = PBXBuildFile; fileRef = 6100C7612C034A51B4EF35D5 /* InterpolateCubic.cpp */; };
		AA11BB2B1234567800000001 /* InterpolateShannon.cpp in Sources */ = {isa = PBXBuildFile; fileRef = 49324DCB3E834AE8B7C08767 /* InterpolateShannon.cpp */; };
		AA11BB2C1234567800000001 /* PeakFinder.cpp in Sources */ = {isa = PBXBuildFile; fileRef = 3555A7DCA0E24B44AC4B5D8A /* PeakFinder.cpp */; };
		AA11BB2D1234567800000001 /* cpu_detect_arm.cpp in Sources */ = {isa = PBXBuildFile; fileRef = AA11BB201234567800000001 /* cpu_detect_arm.cpp */; };
		ABEA471F108E7F3748C9D60E /* Pods_Runner.framework in Frameworks */ = {isa = PBXBuildFile; fileRef = 73E120A8D599DE8BD3ED5AE9 /* Pods_Runner.framework */; };
		BEEF00012DEFACED00000001 /* preview.mm in Sources */ = {isa = PBXBuildFile; fileRef = BEEF00002DEFACED00000001 /* preview.mm */; };
		CAFE00012024010100000001 /* sunvox_wrapper.mm in Sources */ = {isa = PBXBuildFile; fileRef = CAFE00002024010100000001 /* sunvox_wrapper.mm */; };
		MIC00012025010600000001 /* microphone_input.mm in Sources */ = {isa = PBXBuildFile; fileRef = MIC00002025010600000001 /* microphone_input.mm */; };
		REC00012024120100000001 /* recording.mm in Sources */ = {isa = PBXBuildFile; fileRef = REC00002024120100000001 /* recording.mm */; };
		WAV00012024120100000001 /* wav_writer.mm in Sources */ = {isa = PBXBuildFile; fileRef = WAV00002024120100000001 /* wav_writer.mm */; };
/* End PBXBuildFile section */

/* Begin PBXContainerItemProxy section */
		331C8085294A63A400263BE5 /* PBXContainerItemProxy */ = {
			isa = PBXContainerItemProxy;
			containerPortal = 97C146E61CF9000F007C117D /* Project object */;
			proxyType = 1;
			remoteGlobalIDString = 97C146ED1CF9000F007C117D;
			remoteInfo = Runner;
		};
/* End PBXContainerItemProxy section */

/* Begin PBXCopyFilesBuildPhase section */
		9705A1C41CF9048500538489 /* Embed Frameworks */ = {
			isa = PBXCopyFilesBuildPhase;
			buildActionMask = 2147483647;
			dstPath = "";
			dstSubfolderSpec = 10;
			files = (
			);
			name = "Embed Frameworks";
			runOnlyForDeploymentPostprocessing = 0;
		};
/* End PBXCopyFilesBuildPhase section */

/* Begin PBXFileReference section */
		0CC849E078AD7C896DE57656 /* Pods_RunnerTests.framework */ = {isa = PBXFileReference; explicitFileType = wrapper.framework; includeInIndex = 0; path = Pods_RunnerTests.framework; sourceTree = BUILT_PRODUCTS_DIR; };
		123AF50FDB79E098493413AD /* Pods-RunnerTests.profile.xcconfig */ = {isa = PBXFileReference; includeInIndex = 1; lastKnownFileType = text.xcconfig; name = "Pods-RunnerTests.profile.xcconfig"; path = "Target Support Files/Pods-RunnerTests/Pods-RunnerTests.profile.xcconfig"; sourceTree = "<group>"; };
		1498D2321E8E86230040F4C2 /* GeneratedPluginRegistrant.h */ = {isa = PBXFileReference; lastKnownFileType = sourcecode.c.h; path = GeneratedPluginRegistrant.h; sourceTree = "<group>"; };
		1498D2331E8E89220040F4C2 /* GeneratedPluginRegistrant.m */ = {isa = PBXFileReference; fileEncoding = 4; lastKnownFileType = sourcecode.c.objc; path = GeneratedPluginRegistrant.m; sourceTree = "<group>"; };
		331C807B294A618700263BE5 /* RunnerTests.swift */ = {isa = PBXFileReference; lastKnownFileType = sourcecode.swift; path = RunnerTests.swift; sourceTree = "<group>"; };
		331C8081294A63A400263BE5 /* RunnerTests.xctest */ = {isa = PBXFileReference; explicitFileType = wrapper.cfbundle; includeInIndex = 0; path = RunnerTests.xctest; sourceTree = BUILT_PRODUCTS_DIR; };
		3555A7DCA0E24B44AC4B5D8A /* PeakFinder.cpp */ = {isa = PBXFileReference; lastKnownFileType = sourcecode.cpp.objcpp; name = PeakFinder.cpp; path = ../native/soundtouch/PeakFinder.cpp; sourceTree = "<group>"; };
		35847BE15FCA42C5A76FA2CF /* AAFilter.cpp */ = {isa = PBXFileReference; lastKnownFileType = sourcecode.cpp.objcpp; name = AAFilter.cpp; path = ../native/soundtouch/AAFilter.cpp; sourceTree = "<group>"; };
		3865A30097AB0464DA51D342 /* Pods-RunnerTests.release.xcconfig */ = {isa = PBXFileReference; includeInIndex = 1; lastKnownFileType = text.xcconfig; name = "Pods-RunnerTests.release.xcconfig"; path = "Target Support Files/Pods-RunnerTests/Pods-RunnerTests.release.xcconfig"; sourceTree = "<group>"; };
		3B3967151E833CAA004F5970 /* AppFrameworkInfo.plist */ = {isa = PBXFileReference; fileEncoding = 4; lastKnownFileType = text.plist.xml; name = AppFrameworkInfo.plist; path = Flutter/AppFrameworkInfo.plist; sourceTree = "<group>"; };
		3C4F1830049B42E0AFD95848 /* RateTransposer.cpp */ = {isa = PBXFileReference; lastKnownFileType = sourcecode.cpp.objcpp; name = RateTransposer.cpp; path = ../native/soundtouch/RateTransposer.cpp; sourceTree = "<group>"; };
		49324DCB3E834AE8B7C08767 /* InterpolateShannon.cpp */ = {isa = PBXFileReference; lastKnownFileType = sourcecode.cpp.objcpp; name = InterpolateShannon.cpp; path = ../native/soundtouch/InterpolateShannon.cpp; sourceTree = "<group>"; };
		55433E342DF4040A00D2AA40 /* CoreAudio.framework */ = {isa = PBXFileReference; lastKnownFileType = wrapper.framework; name = CoreAudio.framework; path = System/Library/Frameworks/CoreAudio.framework; sourceTree = SDKROOT; };
		55433E362DF4041800D2AA40 /* AudioToolbox.framework */ = {isa = PBXFileReference; lastKnownFileType = wrapper.framework; name = AudioToolbox.framework; path = System/Library/Frameworks/AudioToolbox.framework; sourceTree = SDKROOT; };
		55433E3E2DF40A7F00D2AA40 /* AVFoundation.framework */ = {isa = PBXFileReference; lastKnownFileType = wrapper.framework; name = AVFoundation.framework; path = System/Library/Frameworks/AVFoundation.framework; sourceTree = SDKROOT; };
		5571F8BE2DF776980025EF91 /* conversion.mm */ = {isa = PBXFileReference; lastKnownFileType = sourcecode.cpp.objcpp; name = conversion.mm; path = ../native/conversion.mm; sourceTree = "<group>"; };
		5571F8BF2DF776990025EF91 /* conversion.h */ = {isa = PBXFileReference; lastKnownFileType = sourcecode.c.h; name = conversion.h; path = ../native/conversion.h; sourceTree = "<group>"; };
		5571F8C12DF777000025EF91 /* lame.c */ = {isa = PBXFileReference; lastKnownFileType = sourcecode.c.c; name = lame.c; path = ../native/lame_ios/lame.c; sourceTree = "<group>"; };
		5571F8C22DF777010025EF91 /* bitstream.c */ = {isa = PBXFileReference; lastKnownFileType = sourcecode.c.c; name = bitstream.c; path = ../native/lame_ios/bitstream.c; sourceTree = "<group>"; };
		5571F8C32DF777020025EF91 /* encoder.c */ = {isa = PBXFileReference; lastKnownFileType = sourcecode.c.c; name = encoder.c; path = ../native/lame_ios/encoder.c; sourceTree = "<group>"; };
		5571F8C42DF777030025EF91 /* fft.c */ = {isa = PBXFileReference; lastKnownFileType = sourcecode.c.c; name = fft.c; path = ../native/lame_ios/fft.c; sourceTree = "<group>"; };
		5571F8C52DF777040025EF91 /* id3tag.c */ = {isa = PBXFileReference; lastKnownFileType = sourcecode.c.c; name = id3tag.c; path = ../native/lame_ios/id3tag.c; sourceTree = "<group>"; };
		5571F8C62DF777050025EF91 /* newmdct.c */ = {isa = PBXFileReference; lastKnownFileType = sourcecode.c.c; name = newmdct.c; path = ../native/lame_ios/newmdct.c; sourceTree = "<group>"; };
		5571F8C72DF777060025EF91 /* presets.c */ = {isa = PBXFileReference; lastKnownFileType = sourcecode.c.c; name = presets.c; path = ../native/lame_ios/presets.c; sourceTree = "<group>"; };
		5571F8C82DF777070025EF91 /* psymodel.c */ = {isa = PBXFileReference; lastKnownFileType = sourcecode.c.c; name = psymodel.c; path = ../native/lame_ios/psymodel.c; sourceTree = "<group>"; };
		5571F8C92DF777080025EF91 /* quantize.c */ = {isa = PBXFileReference; lastKnownFileType = sourcecode.c.c; name = quantize.c; path = ../native/lame_ios/quantize.c; sourceTree = "<group>"; };
		5571F8CA2DF777090025EF91 /* quantize_pvt.c */ = {isa = PBXFileReference; lastKnownFileType = sourcecode.c.c; name = quantize_pvt.c; path = ../native/lame_ios/quantize_pvt.c; sourceTree = "<group>"; };
		5571F8CB2DF7770A0025EF91 /* reservoir.c */ = {isa = PBXFileReference; lastKnownFileType = sourcecode.c.c; name = reservoir.c; path = ../native/lame_ios/reservoir.c; sourceTree = "<group>"; };
		5571F8CC2DF7770B0025EF91 /* set_get.c */ = {isa = PBXFileReference; lastKnownFileType = sourcecode.c.c; name = set_get.c; path = ../native/lame_ios/set_get.c; sourceTree = "<group>"; };
		5571F8CD2DF7770C0025EF91 /* tables.c */ = {isa = PBXFileReference; lastKnownFileType = sourcecode.c.c; name = tables.c; path = ../native/lame_ios/tables.c; sourceTree = "<group>"; };
		5571F8CE2DF7770D0025EF91 /* takehiro.c */ = {isa = PBXFileReference; lastKnownFileType = sourcecode.c.c; name = takehiro.c; path = ../native/lame_ios/takehiro.c; sourceTree = "<group>"; };
		5571F8CF2DF7770E0025EF91 /* util.c */ = {isa = PBXFileReference; lastKnownFileType = sourcecode.c.c; name = util.c; path = ../native/lame_ios/util.c; sourceTree = "<group>"; };
		5571F8D02DF7770F0025EF91 /* vbrquantize.c */ = {isa = PBXFileReference; lastKnownFileType = sourcecode.c.c; name = vbrquantize.c; path = ../native/lame_ios/vbrquantize.c; sourceTree = "<group>"; };
		5571F8D12DF777100025EF91 /* VbrTag.c */ = {isa = PBXFileReference; lastKnownFileType = sourcecode.c.c; name = VbrTag.c; path = ../native/lame_ios/VbrTag.c; sourceTree = "<group>"; };
		5571F8D22DF777110025EF91 /* version.c */ = {isa = PBXFileReference; lastKnownFileType = sourcecode.c.c; name = version.c; path = ../native/lame_ios/version.c; sourceTree = "<group>"; };
		5571F8D32DF777120025EF91 /* gain_analysis.c */ = {isa = PBXFileReference; lastKnownFileType = sourcecode.c.c; name = gain_analysis.c; path = ../native/lame_ios/gain_analysis.c; sourceTree = "<group>"; };
		5571F8E82DF77A000025EF91 /* table.mm */ = {isa = PBXFileReference; lastKnownFileType = sourcecode.cpp.objcpp; name = table.mm; path = ../native/table.mm; sourceTree = "<group>"; };
		5571F8EA2DF77A010025EF91 /* playback_sunvox.mm */ = {isa = PBXFileReference; lastKnownFileType = sourcecode.cpp.objcpp; name = playback_sunvox.mm; path = ../native/playback_sunvox.mm; sourceTree = "<group>"; };
		5571F8EB2DF77A020025EF91 /* table.h */ = {isa = PBXFileReference; lastKnownFileType = sourcecode.c.h; name = table.h; path = ../native/table.h; sourceTree = "<group>"; };
		5571F8EC2DF77A030025EF91 /* playback.h */ = {isa = PBXFileReference; lastKnownFileType = sourcecode.c.h; name = playback.h; path = ../native/playback.h; sourceTree = "<group>"; };
		5571F8F12DF77A900025EF91 /* sample_bank.mm */ = {isa = PBXFileReference; lastKnownFileType = sourcecode.cpp.objcpp; name = sample_bank.mm; path = ../native/sample_bank.mm; sourceTree = "<group>"; };
		5571F8F32DF77B0A0025EF91 /* miniaudio_impl.mm */ = {isa = PBXFileReference; lastKnownFileType = sourcecode.cpp.objcpp; name = miniaudio_impl.mm; path = ../native/miniaudio_impl.mm; sourceTree = "<group>"; };
		6100C7612C034A51B4EF35D5 /* InterpolateCubic.cpp */ = {isa = PBXFileReference; lastKnownFileType = sourcecode.cpp.objcpp; name = InterpolateCubic.cpp; path = ../native/soundtouch/InterpolateCubic.cpp; sourceTree = "<group>"; };
		73E120A8D599DE8BD3ED5AE9 /* Pods_Runner.framework */ = {isa = PBXFileReference; explicitFileType = wrapper.framework; includeInIndex = 0; path = Pods_Runner.framework; sourceTree = BUILT_PRODUCTS_DIR; };
		74858FAD1ED2DC5600515810 /* Runner-Bridging-Header.h */ = {isa = PBXFileReference; lastKnownFileType = sourcecode.c.h; path = "Runner-Bridging-Header.h"; sourceTree = "<group>"; };
		74858FAE1ED2DC5600515810 /* AppDelegate.swift */ = {isa = PBXFileReference; fileEncoding = 4; lastKnownFileType = sourcecode.swift; path = AppDelegate.swift; sourceTree = "<group>"; };
		782A46936B534678A89417F0 /* FIFOSampleBuffer.cpp */ = {isa = PBXFileReference; lastKnownFileType = sourcecode.cpp.objcpp; name = FIFOSampleBuffer.cpp; path = ../native/soundtouch/FIFOSampleBuffer.cpp; sourceTree = "<group>"; };
		78C301802E45A30000B8A001 /* Profile.xcconfig */ = {isa = PBXFileReference; lastKnownFileType = text.xcconfig; name = Profile.xcconfig; path = Flutter/Profile.xcconfig; sourceTree = "<group>"; };
		7AFA3C8E1D35360C0083082E /* Release.xcconfig */ = {isa = PBXFileReference; lastKnownFileType = text.xcconfig; name = Release.xcconfig; path = Flutter/Release.xcconfig; sourceTree = "<group>"; };
		9740EEB21CF90195004384FC /* Debug.xcconfig */ = {isa = PBXFileReference; fileEncoding = 4; lastKnownFileType = text.xcconfig; name = Debug.xcconfig; path = Flutter/Debug.xcconfig; sourceTree = "<group>"; };
		9740EEB31CF90195004384FC /* Generated.xcconfig */ = {isa = PBXFileReference; fileEncoding = 4; lastKnownFileType = text.xcconfig; name = Generated.xcconfig; path = Flutter/Generated.xcconfig; sourceTree = "<group>"; };
		97C146EE1CF9000F007C117D /* Runner.app */ = {isa = PBXFileReference; explicitFileType = wrapper.application; includeInIndex = 0; path = Runner.app; sourceTree = BUILT_PRODUCTS_DIR; };
		97C146FB1CF9000F007C117D /* Base */ = {isa = PBXFileReference; lastKnownFileType = file.storyboard; name = Base; path = Base.lproj/Main.storyboard; sourceTree = "<group>"; };
		97C146FD1CF9000F007C117D /* Assets.xcassets */ = {isa = PBXFileReference; lastKnownFileType = folder.assetcatalog; path = Assets.xcassets; sourceTree = "<group>"; };
		97C147001CF9000F007C117D /* Base */ = {isa = PBXFileReference; lastKnownFileType = file.storyboard; name = Base; path = Base.lproj/LaunchScreen.storyboard; sourceTree = "<group>"; };
		97C147021CF9000F007C117D /* Info.plist */ = {isa = PBXFileReference; lastKnownFileType = text.plist.xml; path = Info.plist; sourceTree = "<group>"; };
		A1B2C3D30000000100000001 /* undo_redo.mm */ = {isa = PBXFileReference; lastKnownFileType = sourcecode.cpp.objcpp; name = undo_redo.mm; path = ../native/undo_redo.mm; sourceTree = "<group>"; };
		A758A75BE61A808FE6863E4D /* Pods-RunnerTests.debug.xcconfig */ = {isa = PBXFileReference; includeInIndex = 1; lastKnownFileType = text.xcconfig; name = "Pods-RunnerTests.debug.xcconfig"; path = "Target Support Files/Pods-RunnerTests/Pods-RunnerTests.debug.xcconfig"; sourceTree = "<group>"; };
		AA11BB201234567800000001 /* cpu_detect_arm.cpp */ = {isa = PBXFileReference; lastKnownFileType = sourcecode.cpp.objcpp; name = cpu_detect_arm.cpp; path = ../native/soundtouch/cpu_detect_arm.cpp; sourceTree = "<group>"; };
		AA3AF4A3912A4ABDAD9E838A /* TDStretch.cpp */ = {isa = PBXFileReference; lastKnownFileType = sourcecode.cpp.objcpp; name = TDStretch.cpp; path = ../native/soundtouch/TDStretch.cpp; sourceTree = "<group>"; };
		BEEF00002DEFACED00000001 /* preview.mm */ = {isa = PBXFileReference; lastKnownFileType = sourcecode.cpp.objcpp; name = preview.mm; path = ../native/preview.mm; sourceTree = "<group>"; };
		BEEF00032DEFACED00000001 /* preview.h */ = {isa = PBXFileReference; lastKnownFileType = sourcecode.c.h; name = preview.h; path = ../native/preview.h; sourceTree = "<group>"; };
		C113A3DC9BB07091B22FF032 /* Pods-Runner.debug.xcconfig */ = {isa = PBXFileReference; includeInIndex = 1; lastKnownFileType = text.xcconfig; name = "Pods-Runner.debug.xcconfig"; path = "Target Support Files/Pods-Runner/Pods-Runner.debug.xcconfig"; sourceTree = "<group>"; };
		CAFE00002024010100000001 /* sunvox_wrapper.mm */ = {isa = PBXFileReference; lastKnownFileType = sourcecode.cpp.objcpp; name = sunvox_wrapper.mm; path = ../native/sunvox_wrapper.mm; sourceTree = "<group>"; };
		CAFE00012024010100000002 /* sunvox_wrapper.h */ = {isa = PBXFileReference; lastKnownFileType = sourcecode.c.h; name = sunvox_wrapper.h; path = ../native/sunvox_wrapper.h; sourceTree = "<group>"; };
		CAFE00042024010200000001 /* libsunvox.a */ = {isa = PBXFileReference; lastKnownFileType = archive.ar; name = libsunvox.a; path = ../native/sunvox_lib/sunvox_lib/ios/libsunvox.a; sourceTree = "<group>"; };
		D5AB5CA5AB3F43E0BAC124D5 /* FIRFilter.cpp */ = {isa = PBXFileReference; lastKnownFileType = sourcecode.cpp.objcpp; name = FIRFilter.cpp; path = ../native/soundtouch/FIRFilter.cpp; sourceTree = "<group>"; };
		EA6B0611711E7E68D3237D71 /* Pods-Runner.release.xcconfig */ = {isa = PBXFileReference; includeInIndex = 1; lastKnownFileType = text.xcconfig; name = "Pods-Runner.release.xcconfig"; path = "Target Support Files/Pods-Runner/Pods-Runner.release.xcconfig"; sourceTree = "<group>"; };
		ED50771697404BA7AC634852 /* SoundTouch.cpp */ = {isa = PBXFileReference; lastKnownFileType = sourcecode.cpp.objcpp; name = SoundTouch.cpp; path = ../native/soundtouch/SoundTouch.cpp; sourceTree = "<group>"; };
		EEDACB9CFE3C0F86A9050A54 /* Pods-Runner.profile.xcconfig */ = {isa = PBXFileReference; includeInIndex = 1; lastKnownFileType = text.xcconfig; name = "Pods-Runner.profile.xcconfig"; path = "Target Support Files/Pods-Runner/Pods-Runner.profile.xcconfig"; sourceTree = "<group>"; };
		F2A7EF79040044F2A2CAB030 /* InterpolateLinear.cpp */ = {isa = PBXFileReference; lastKnownFileType = sourcecode.cpp.objcpp; name = InterpolateLinear.cpp; path = ../native/soundtouch/InterpolateLinear.cpp; sourceTree = "<group>"; };
		MIC00002025010600000001 /* microphone_input.mm */ = {isa = PBXFileReference; lastKnownFileType = sourcecode.cpp.objcpp; name = microphone_input.mm; path = ../native/microphone_input.mm; sourceTree = "<group>"; };
		MIC00012025010600000002 /* microphone_input.h */ = {isa = PBXFileReference; lastKnownFileType = sourcecode.c.h; name = microphone_input.h; path = ../native/microphone_input.h; sourceTree = "<group>"; };
		REC00002024120100000001 /* recording.mm */ = {isa = PBXFileReference; lastKnownFileType = sourcecode.cpp.objcpp; name = recording.mm; path = ../native/recording.mm; sourceTree = "<group>"; };
		REC00012024120100000002 /* recording.h */ = {isa = PBXFileReference; lastKnownFileType = sourcecode.c.h; name = recording.h; path = ../native/recording.h; sourceTree = "<group>"; };
		WAV00002024120100000001 /* wav_writer.mm */ = {isa = PBXFileReference; lastKnownFileType = sourcecode.cpp.objcpp; name = wav_writer.mm; path = ../native/wav_writer.mm; sourceTree = "<group>"; };
		WAV00012024120100000002 /* wav_writer.h */ = {isa = PBXFileReference; lastKnownFileType = sourcecode.c.h; name = wav_writer.h; path = ../native/wav_writer.h; sourceTree = "<group>"; };
/* End PBXFileReference section */

/* Begin PBXFrameworksBuildPhase section */
		97C146EB1CF9000F007C117D /* Frameworks */ = {
			isa = PBXFrameworksBuildPhase;
			buildActionMask = 2147483647;
			files = (
				55433E372DF4041800D2AA40 /* AudioToolbox.framework in Frameworks */,
				55433E352DF4040A00D2AA40 /* CoreAudio.framework in Frameworks */,
				55433E3F2DF40A7F00D2AA40 /* AVFoundation.framework in Frameworks */,
				ABEA471F108E7F3748C9D60E /* Pods_Runner.framework in Frameworks */,
			);
			runOnlyForDeploymentPostprocessing = 0;
		};
		CB5AB67E71DFE4B080060C3A /* Frameworks */ = {
			isa = PBXFrameworksBuildPhase;
			buildActionMask = 2147483647;
			files = (
				4058479C1233B47F510CED4C /* Pods_RunnerTests.framework in Frameworks */,
			);
			runOnlyForDeploymentPostprocessing = 0;
		};
/* End PBXFrameworksBuildPhase section */

/* Begin PBXGroup section */
		331C8082294A63A400263BE5 /* RunnerTests */ = {
			isa = PBXGroup;
			children = (
				331C807B294A618700263BE5 /* RunnerTests.swift */,
			);
			path = RunnerTests;
			sourceTree = "<group>";
		};
		55AE1F6C2F6F1D0F00886066 /* Recovered References */ = {
			isa = PBXGroup;
			children = (
				ED50771697404BA7AC634852 /* SoundTouch.cpp */,
				AA3AF4A3912A4ABDAD9E838A /* TDStretch.cpp */,
				3C4F1830049B42E0AFD95848 /* RateTransposer.cpp */,
				D5AB5CA5AB3F43E0BAC124D5 /* FIRFilter.cpp */,
				35847BE15FCA42C5A76FA2CF /* AAFilter.cpp */,
				782A46936B534678A89417F0 /* FIFOSampleBuffer.cpp */,
				F2A7EF79040044F2A2CAB030 /* InterpolateLinear.cpp */,
				6100C7612C034A51B4EF35D5 /* InterpolateCubic.cpp */,
				49324DCB3E834AE8B7C08767 /* InterpolateShannon.cpp */,
				3555A7DCA0E24B44AC4B5D8A /* PeakFinder.cpp */,
			);
			name = "Recovered References";
			sourceTree = "<group>";
		};
		7A2BC9B47A904204257F7DDC /* Pods */ = {
			isa = PBXGroup;
			children = (
				C113A3DC9BB07091B22FF032 /* Pods-Runner.debug.xcconfig */,
				EA6B0611711E7E68D3237D71 /* Pods-Runner.release.xcconfig */,
				EEDACB9CFE3C0F86A9050A54 /* Pods-Runner.profile.xcconfig */,
				A758A75BE61A808FE6863E4D /* Pods-RunnerTests.debug.xcconfig */,
				3865A30097AB0464DA51D342 /* Pods-RunnerTests.release.xcconfig */,
				123AF50FDB79E098493413AD /* Pods-RunnerTests.profile.xcconfig */,
			);
			path = Pods;
			sourceTree = "<group>";
		};
		9740EEB11CF90186004384FC /* Flutter */ = {
			isa = PBXGroup;
			children = (
				3B3967151E833CAA004F5970 /* AppFrameworkInfo.plist */,
				9740EEB21CF90195004384FC /* Debug.xcconfig */,
				78C301802E45A30000B8A001 /* Profile.xcconfig */,
				7AFA3C8E1D35360C0083082E /* Release.xcconfig */,
				9740EEB31CF90195004384FC /* Generated.xcconfig */,
			);
			name = Flutter;
			sourceTree = "<group>";
		};
		97C146E51CF9000F007C117D = {
			isa = PBXGroup;
			children = (
				5571F8E82DF77A000025EF91 /* table.mm */,
				5571F8EA2DF77A010025EF91 /* playback_sunvox.mm */,
				CAFE00002024010100000001 /* sunvox_wrapper.mm */,
				CAFE00012024010100000002 /* sunvox_wrapper.h */,
				BEEF00002DEFACED00000001 /* preview.mm */,
				REC00002024120100000001 /* recording.mm */,
				REC00012024120100000002 /* recording.h */,
				WAV00002024120100000001 /* wav_writer.mm */,
				WAV00012024120100000002 /* wav_writer.h */,
				MIC00002025010600000001 /* microphone_input.mm */,
				MIC00012025010600000002 /* microphone_input.h */,
				5571F8F12DF77A900025EF91 /* sample_bank.mm */,
				5571F8F32DF77B0A0025EF91 /* miniaudio_impl.mm */,
				A1B2C3D30000000100000001 /* undo_redo.mm */,
				AA11BB201234567800000001 /* cpu_detect_arm.cpp */,
				5571F8EB2DF77A020025EF91 /* table.h */,
				5571F8EC2DF77A030025EF91 /* playback.h */,
				BEEF00032DEFACED00000001 /* preview.h */,
				5571F8BE2DF776980025EF91 /* conversion.mm */,
				5571F8BF2DF776990025EF91 /* conversion.h */,
				5571F8C12DF777000025EF91 /* lame.c */,
				5571F8C22DF777010025EF91 /* bitstream.c */,
				5571F8C32DF777020025EF91 /* encoder.c */,
				5571F8C42DF777030025EF91 /* fft.c */,
				5571F8C52DF777040025EF91 /* id3tag.c */,
				5571F8C62DF777050025EF91 /* newmdct.c */,
				5571F8C72DF777060025EF91 /* presets.c */,
				5571F8C82DF777070025EF91 /* psymodel.c */,
				5571F8C92DF777080025EF91 /* quantize.c */,
				5571F8CA2DF777090025EF91 /* quantize_pvt.c */,
				5571F8CB2DF7770A0025EF91 /* reservoir.c */,
				5571F8CC2DF7770B0025EF91 /* set_get.c */,
				5571F8CD2DF7770C0025EF91 /* tables.c */,
				5571F8CE2DF7770D0025EF91 /* takehiro.c */,
				5571F8CF2DF7770E0025EF91 /* util.c */,
				5571F8D02DF7770F0025EF91 /* vbrquantize.c */,
				5571F8D12DF777100025EF91 /* VbrTag.c */,
				5571F8D22DF777110025EF91 /* version.c */,
				5571F8D32DF777120025EF91 /* gain_analysis.c */,
				9740EEB11CF90186004384FC /* Flutter */,
				97C146F01CF9000F007C117D /* Runner */,
				97C146EF1CF9000F007C117D /* Products */,
				331C8082294A63A400263BE5 /* RunnerTests */,
				7A2BC9B47A904204257F7DDC /* Pods */,
				CF4BC767707F2F0EA1F22A49 /* Frameworks */,
				55AE1F6C2F6F1D0F00886066 /* Recovered References */,
			);
			sourceTree = "<group>";
		};
		97C146EF1CF9000F007C117D /* Products */ = {
			isa = PBXGroup;
			children = (
				97C146EE1CF9000F007C117D /* Runner.app */,
				331C8081294A63A400263BE5 /* RunnerTests.xctest */,
			);
			name = Products;
			sourceTree = "<group>";
		};
		97C146F01CF9000F007C117D /* Runner */ = {
			isa = PBXGroup;
			children = (
				97C146FA1CF9000F007C117D /* Main.storyboard */,
				97C146FD1CF9000F007C117D /* Assets.xcassets */,
				97C146FF1CF9000F007C117D /* LaunchScreen.storyboard */,
				97C147021CF9000F007C117D /* Info.plist */,
				1498D2321E8E86230040F4C2 /* GeneratedPluginRegistrant.h */,
				1498D2331E8E89220040F4C2 /* GeneratedPluginRegistrant.m */,
				74858FAE1ED2DC5600515810 /* AppDelegate.swift */,
				74858FAD1ED2DC5600515810 /* Runner-Bridging-Header.h */,
			);
			path = Runner;
			sourceTree = "<group>";
		};
		CF4BC767707F2F0EA1F22A49 /* Frameworks */ = {
			isa = PBXGroup;
			children = (
				55433E362DF4041800D2AA40 /* AudioToolbox.framework */,
				55433E342DF4040A00D2AA40 /* CoreAudio.framework */,
				55433E3E2DF40A7F00D2AA40 /* AVFoundation.framework */,
				CAFE00042024010200000001 /* libsunvox.a */,
				73E120A8D599DE8BD3ED5AE9 /* Pods_Runner.framework */,
				0CC849E078AD7C896DE57656 /* Pods_RunnerTests.framework */,
			);
			name = Frameworks;
			sourceTree = "<group>";
		};
/* End PBXGroup section */

/* Begin PBXNativeTarget section */
		331C8080294A63A400263BE5 /* RunnerTests */ = {
			isa = PBXNativeTarget;
			buildConfigurationList = 331C8087294A63A400263BE5 /* Build configuration list for PBXNativeTarget "RunnerTests" */;
			buildPhases = (
				DE989BB64A75255843EF072C /* [CP] Check Pods Manifest.lock */,
				331C807D294A63A400263BE5 /* Sources */,
				331C807F294A63A400263BE5 /* Resources */,
				CB5AB67E71DFE4B080060C3A /* Frameworks */,
			);
			buildRules = (
			);
			dependencies = (
				331C8086294A63A400263BE5 /* PBXTargetDependency */,
			);
			name = RunnerTests;
			productName = RunnerTests;
			productReference = 331C8081294A63A400263BE5 /* RunnerTests.xctest */;
			productType = "com.apple.product-type.bundle.unit-test";
		};
		97C146ED1CF9000F007C117D /* Runner */ = {
			isa = PBXNativeTarget;
			buildConfigurationList = 97C147051CF9000F007C117D /* Build configuration list for PBXNativeTarget "Runner" */;
			buildPhases = (
				9770D8679E30498FAF78A87E /* [CP] Check Pods Manifest.lock */,
				B0E0F0A12DF000010025EA01 /* Select SunVox Library */,
				9740EEB61CF901F6004384FC /* Run Script */,
				97C146EA1CF9000F007C117D /* Sources */,
				97C146EB1CF9000F007C117D /* Frameworks */,
				97C146EC1CF9000F007C117D /* Resources */,
				9705A1C41CF9048500538489 /* Embed Frameworks */,
				3B06AD1E1E4923F5004D2608 /* Thin Binary */,
				89995496396309C96A3B2871 /* [CP] Embed Pods Frameworks */,
				C65D1AD72DD73F71683A0FF0 /* [CP] Copy Pods Resources */,
			);
			buildRules = (
			);
			dependencies = (
			);
			name = Runner;
			productName = Runner;
			productReference = 97C146EE1CF9000F007C117D /* Runner.app */;
			productType = "com.apple.product-type.application";
		};
/* End PBXNativeTarget section */

/* Begin PBXProject section */
		97C146E61CF9000F007C117D /* Project object */ = {
			isa = PBXProject;
			attributes = {
				BuildIndependentTargetsInParallel = YES;
				LastUpgradeCheck = 1510;
				ORGANIZATIONNAME = "";
				TargetAttributes = {
					331C8080294A63A400263BE5 = {
						CreatedOnToolsVersion = 14.0;
						TestTargetID = 97C146ED1CF9000F007C117D;
					};
					97C146ED1CF9000F007C117D = {
						CreatedOnToolsVersion = 7.3.1;
						LastSwiftMigration = 1100;
					};
				};
			};
			buildConfigurationList = 97C146E91CF9000F007C117D /* Build configuration list for PBXProject "Runner" */;
			compatibilityVersion = "Xcode 9.3";
			developmentRegion = en;
			hasScannedForEncodings = 0;
			knownRegions = (
				en,
				Base,
			);
			mainGroup = 97C146E51CF9000F007C117D;
			productRefGroup = 97C146EF1CF9000F007C117D /* Products */;
			projectDirPath = "";
			projectRoot = "";
			targets = (
				97C146ED1CF9000F007C117D /* Runner */,
				331C8080294A63A400263BE5 /* RunnerTests */,
			);
		};
/* End PBXProject section */

/* Begin PBXResourcesBuildPhase section */
		331C807F294A63A400263BE5 /* Resources */ = {
			isa = PBXResourcesBuildPhase;
			buildActionMask = 2147483647;
			files = (
			);
			runOnlyForDeploymentPostprocessing = 0;
		};
		97C146EC1CF9000F007C117D /* Resources */ = {
			isa = PBXResourcesBuildPhase;
			buildActionMask = 2147483647;
			files = (
				97C147011CF9000F007C117D /* LaunchScreen.storyboard in Resources */,
				3B3967161E833CAA004F5970 /* AppFrameworkInfo.plist in Resources */,
				97C146FE1CF9000F007C117D /* Assets.xcassets in Resources */,
				97C146FC1CF9000F007C117D /* Main.storyboard in Resources */,
			);
			runOnlyForDeploymentPostprocessing = 0;
		};
/* End PBXResourcesBuildPhase section */

/* Begin PBXShellScriptBuildPhase section */
		B0E0F0A12DF000010025EA01 /* Select SunVox Library */ = {
			isa = PBXShellScriptBuildPhase;
			alwaysOutOfDate = 1;
			buildActionMask = 2147483647;
			files = (
			);
			inputPaths = (
			);
			name = "Select SunVox Library";
			outputPaths = (
			);
			runOnlyForDeploymentPostprocessing = 0;
			shellPath = /bin/sh;
			shellScript = "cd \"${SRCROOT}/../native/sunvox_lib/sunvox_lib/ios\" && /bin/sh ./select_library.sh\n";
			showEnvVarsInLog = 0;
		};
		3B06AD1E1E4923F5004D2608 /* Thin Binary */ = {
			isa = PBXShellScriptBuildPhase;
			alwaysOutOfDate = 1;
			buildActionMask = 2147483647;
			files = (
			);
			inputPaths = (
				"${TARGET_BUILD_DIR}/${INFOPLIST_PATH}",
			);
			name = "Thin Binary";
			outputPaths = (
			);
			runOnlyForDeploymentPostprocessing = 0;
			shellPath = /bin/sh;
			shellScript = "/bin/sh \"$FLUTTER_ROOT/packages/flutter_tools/bin/xcode_backend.sh\" embed_and_thin";
		};
		89995496396309C96A3B2871 /* [CP] Embed Pods Frameworks */ = {
			isa = PBXShellScriptBuildPhase;
			buildActionMask = 2147483647;
			files = (
			);
			inputFileListPaths = (
				"${PODS_ROOT}/Target Support Files/Pods-Runner/Pods-Runner-frameworks-${CONFIGURATION}-input-files.xcfilelist",
			);
			name = "[CP] Embed Pods Frameworks";
			outputFileListPaths = (
				"${PODS_ROOT}/Target Support Files/Pods-Runner/Pods-Runner-frameworks-${CONFIGURATION}-output-files.xcfilelist",
			);
			runOnlyForDeploymentPostprocessing = 0;
			shellPath = /bin/sh;
			shellScript = "\"${PODS_ROOT}/Target Support Files/Pods-Runner/Pods-Runner-frameworks.sh\"\n";
			showEnvVarsInLog = 0;
		};
		9740EEB61CF901F6004384FC /* Run Script */ = {
			isa = PBXShellScriptBuildPhase;
			alwaysOutOfDate = 1;
			buildActionMask = 2147483647;
			files = (
			);
			inputPaths = (
			);
			name = "Run Script";
			outputPaths = (
			);
			runOnlyForDeploymentPostprocessing = 0;
			shellPath = /bin/sh;
			shellScript = "/bin/sh \"$FLUTTER_ROOT/packages/flutter_tools/bin/xcode_backend.sh\" build";
		};
		9770D8679E30498FAF78A87E /* [CP] Check Pods Manifest.lock */ = {
			isa = PBXShellScriptBuildPhase;
			buildActionMask = 2147483647;
			files = (
			);
			inputFileListPaths = (
			);
			inputPaths = (
				"${PODS_PODFILE_DIR_PATH}/Podfile.lock",
				"${PODS_ROOT}/Manifest.lock",
			);
			name = "[CP] Check Pods Manifest.lock";
			outputFileListPaths = (
			);
			outputPaths = (
				"$(DERIVED_FILE_DIR)/Pods-Runner-checkManifestLockResult.txt",
			);
			runOnlyForDeploymentPostprocessing = 0;
			shellPath = /bin/sh;
			shellScript = "diff \"${PODS_PODFILE_DIR_PATH}/Podfile.lock\" \"${PODS_ROOT}/Manifest.lock\" > /dev/null\nif [ $? != 0 ] ; then\n    # print error to STDERR\n    echo \"error: The sandbox is not in sync with the Podfile.lock. Run 'pod install' or update your CocoaPods installation.\" >&2\n    exit 1\nfi\n# This output is used by Xcode 'outputs' to avoid re-running this script phase.\necho \"SUCCESS\" > \"${SCRIPT_OUTPUT_FILE_0}\"\n";
			showEnvVarsInLog = 0;
		};
		C65D1AD72DD73F71683A0FF0 /* [CP] Copy Pods Resources */ = {
			isa = PBXShellScriptBuildPhase;
			buildActionMask = 2147483647;
			files = (
			);
			inputFileListPaths = (
				"${PODS_ROOT}/Target Support Files/Pods-Runner/Pods-Runner-resources-${CONFIGURATION}-input-files.xcfilelist",
			);
			name = "[CP] Copy Pods Resources";
			outputFileListPaths = (
				"${PODS_ROOT}/Target Support Files/Pods-Runner/Pods-Runner-resources-${CONFIGURATION}-output-files.xcfilelist",
			);
			runOnlyForDeploymentPostprocessing = 0;
			shellPath = /bin/sh;
			shellScript = "\"${PODS_ROOT}/Target Support Files/Pods-Runner/Pods-Runner-resources.sh\"\n";
			showEnvVarsInLog = 0;
		};
		DE989BB64A75255843EF072C /* [CP] Check Pods Manifest.lock */ = {
			isa = PBXShellScriptBuildPhase;
			buildActionMask = 2147483647;
			files = (
			);
			inputFileListPaths = (
			);
			inputPaths = (
				"${PODS_PODFILE_DIR_PATH}/Podfile.lock",
				"${PODS_ROOT}/Manifest.lock",
			);
			name = "[CP] Check Pods Manifest.lock";
			outputFileListPaths = (
			);
			outputPaths = (
				"$(DERIVED_FILE_DIR)/Pods-RunnerTests-checkManifestLockResult.txt",
			);
			runOnlyForDeploymentPostprocessing = 0;
			shellPath = /bin/sh;
			shellScript = "diff \"${PODS_PODFILE_DIR_PATH}/Podfile.lock\" \"${PODS_ROOT}/Manifest.lock\" > /dev/null\nif [ $? != 0 ] ; then\n    # print error to STDERR\n    echo \"error: The sandbox is not in sync with the Podfile.lock. Run 'pod install' or update your CocoaPods installation.\" >&2\n    exit 1\nfi\n# This output is used by Xcode 'outputs' to avoid re-running this script phase.\necho \"SUCCESS\" > \"${SCRIPT_OUTPUT_FILE_0}\"\n";
			showEnvVarsInLog = 0;
		};
/* End PBXShellScriptBuildPhase section */

/* Begin PBXSourcesBuildPhase section */
		331C807D294A63A400263BE5 /* Sources */ = {
			isa = PBXSourcesBuildPhase;
			buildActionMask = 2147483647;
			files = (
				331C808B294A63AB00263BE5 /* RunnerTests.swift in Sources */,
			);
			runOnlyForDeploymentPostprocessing = 0;
		};
		97C146EA1CF9000F007C117D /* Sources */ = {
			isa = PBXSourcesBuildPhase;
			buildActionMask = 2147483647;
			files = (
				5571F8E72DF77A000025EF91 /* table.mm in Sources */,
				5571F8E92DF77A010025EF91 /* playback_sunvox.mm in Sources */,
				CAFE00012024010100000001 /* sunvox_wrapper.mm in Sources */,
				BEEF00012DEFACED00000001 /* preview.mm in Sources */,
				REC00012024120100000001 /* recording.mm in Sources */,
				WAV00012024120100000001 /* wav_writer.mm in Sources */,
				MIC00012025010600000001 /* microphone_input.mm in Sources */,
				5571F8F02DF77A900025EF91 /* sample_bank.mm in Sources */,
				5571F8F22DF77B0A0025EF91 /* miniaudio_impl.mm in Sources */,
				A1B2C3D40000000100000001 /* undo_redo.mm in Sources */,
				AA11BB231234567800000001 /* SoundTouch.cpp in Sources */,
				AA11BB241234567800000001 /* TDStretch.cpp in Sources */,
				AA11BB251234567800000001 /* RateTransposer.cpp in Sources */,
				AA11BB261234567800000001 /* FIRFilter.cpp in Sources */,
				AA11BB271234567800000001 /* AAFilter.cpp in Sources */,
				AA11BB281234567800000001 /* FIFOSampleBuffer.cpp in Sources */,
				AA11BB291234567800000001 /* InterpolateLinear.cpp in Sources */,
				AA11BB2A1234567800000001 /* InterpolateCubic.cpp in Sources */,
				AA11BB2B1234567800000001 /* InterpolateShannon.cpp in Sources */,
				AA11BB2C1234567800000001 /* PeakFinder.cpp in Sources */,
				AA11BB2D1234567800000001 /* cpu_detect_arm.cpp in Sources */,
				5571F8C02DF776A00025EF91 /* conversion.mm in Sources */,
				5571F8D42DF777200025EF91 /* lame.c in Sources */,
				5571F8D52DF777210025EF91 /* bitstream.c in Sources */,
				5571F8D62DF777220025EF91 /* encoder.c in Sources */,
				5571F8D72DF777230025EF91 /* fft.c in Sources */,
				5571F8D82DF777240025EF91 /* id3tag.c in Sources */,
				5571F8D92DF777250025EF91 /* newmdct.c in Sources */,
				5571F8DA2DF777260025EF91 /* presets.c in Sources */,
				5571F8DB2DF777270025EF91 /* psymodel.c in Sources */,
				5571F8DC2DF777280025EF91 /* quantize.c in Sources */,
				5571F8DD2DF777290025EF91 /* quantize_pvt.c in Sources */,
				5571F8DE2DF7772A0025EF91 /* reservoir.c in Sources */,
				5571F8DF2DF7772B0025EF91 /* set_get.c in Sources */,
				5571F8E02DF7772C0025EF91 /* tables.c in Sources */,
				5571F8E12DF7772D0025EF91 /* takehiro.c in Sources */,
				5571F8E22DF7772E0025EF91 /* util.c in Sources */,
				5571F8E32DF7772F0025EF91 /* vbrquantize.c in Sources */,
				5571F8E42DF777300025EF91 /* VbrTag.c in Sources */,
				5571F8E52DF777310025EF91 /* version.c in Sources */,
				5571F8E62DF777320025EF91 /* gain_analysis.c in Sources */,
				74858FAF1ED2DC5600515810 /* AppDelegate.swift in Sources */,
				1498D2341E8E89220040F4C2 /* GeneratedPluginRegistrant.m in Sources */,
			);
			runOnlyForDeploymentPostprocessing = 0;
		};
/* End PBXSourcesBuildPhase section */

/* Begin PBXTargetDependency section */
		331C8086294A63A400263BE5 /* PBXTargetDependency */ = {
			isa = PBXTargetDependency;
			target = 97C146ED1CF9000F007C117D /* Runner */;
			targetProxy = 331C8085294A63A400263BE5 /* PBXContainerItemProxy */;
		};
/* End PBXTargetDependency section */

/* Begin PBXVariantGroup section */
		97C146FA1CF9000F007C117D /* Main.storyboard */ = {
			isa = PBXVariantGroup;
			children = (
				97C146FB1CF9000F007C117D /* Base */,
			);
			name = Main.storyboard;
			sourceTree = "<group>";
		};
		97C146FF1CF9000F007C117D /* LaunchScreen.storyboard */ = {
			isa = PBXVariantGroup;
			children = (
				97C147001CF9000F007C117D /* Base */,
			);
			name = LaunchScreen.storyboard;
			sourceTree = "<group>";
		};
/* End PBXVariantGroup section */

/* Begin XCBuildConfiguration section */
		249021D3217E4FDB00AE95B9 /* Profile */ = {
			isa = XCBuildConfiguration;
			buildSettings = {
				ALWAYS_SEARCH_USER_PATHS = NO;
				ASSETCATALOG_COMPILER_GENERATE_SWIFT_ASSET_SYMBOL_EXTENSIONS = YES;
				CLANG_ANALYZER_NONNULL = YES;
				CLANG_CXX_LANGUAGE_STANDARD = "gnu++0x";
				CLANG_CXX_LIBRARY = "libc++";
				CLANG_ENABLE_MODULES = YES;
				CLANG_ENABLE_OBJC_ARC = YES;
				CLANG_WARN_BLOCK_CAPTURE_AUTORELEASING = YES;
				CLANG_WARN_BOOL_CONVERSION = YES;
				CLANG_WARN_COMMA = YES;
				CLANG_WARN_CONSTANT_CONVERSION = YES;
				CLANG_WARN_DEPRECATED_OBJC_IMPLEMENTATIONS = YES;
				CLANG_WARN_DIRECT_OBJC_ISA_USAGE = YES_ERROR;
				CLANG_WARN_EMPTY_BODY = YES;
				CLANG_WARN_ENUM_CONVERSION = YES;
				CLANG_WARN_INFINITE_RECURSION = YES;
				CLANG_WARN_INT_CONVERSION = YES;
				CLANG_WARN_NON_LITERAL_NULL_CONVERSION = YES;
				CLANG_WARN_OBJC_IMPLICIT_RETAIN_SELF = YES;
				CLANG_WARN_OBJC_LITERAL_CONVERSION = YES;
				CLANG_WARN_OBJC_ROOT_CLASS = YES_ERROR;
				CLANG_WARN_RANGE_LOOP_ANALYSIS = YES;
				CLANG_WARN_STRICT_PROTOTYPES = YES;
				CLANG_WARN_SUSPICIOUS_MOVE = YES;
				CLANG_WARN_UNREACHABLE_CODE = YES;
				CLANG_WARN__DUPLICATE_METHOD_MATCH = YES;
				"CODE_SIGN_IDENTITY[sdk=iphoneos*]" = "iPhone Developer";
				COPY_PHASE_STRIP = NO;
				DEBUG_INFORMATION_FORMAT = "dwarf-with-dsym";
				ENABLE_NS_ASSERTIONS = NO;
				ENABLE_STRICT_OBJC_MSGSEND = YES;
				ENABLE_USER_SCRIPT_SANDBOXING = NO;
				GCC_C_LANGUAGE_STANDARD = gnu99;
				GCC_NO_COMMON_BLOCKS = YES;
				GCC_WARN_64_TO_32_BIT_CONVERSION = YES;
				GCC_WARN_ABOUT_RETURN_TYPE = YES_ERROR;
				GCC_WARN_UNDECLARED_SELECTOR = YES;
				GCC_WARN_UNINITIALIZED_AUTOS = YES_AGGRESSIVE;
				GCC_WARN_UNUSED_FUNCTION = YES;
				GCC_WARN_UNUSED_VARIABLE = YES;
				IPHONEOS_DEPLOYMENT_TARGET = 14.0;
				MTL_ENABLE_DEBUG_INFO = NO;
				SDKROOT = iphoneos;
				SUPPORTED_PLATFORMS = "iphoneos iphonesimulator";
				TARGETED_DEVICE_FAMILY = 1;
				VALIDATE_PRODUCT = YES;
			};
			name = Profile;
		};
		249021D4217E4FDB00AE95B9 /* Profile */ = {
			isa = XCBuildConfiguration;
			baseConfigurationReference = 78C301802E45A30000B8A001 /* Profile.xcconfig */;
			buildSettings = {
				ASSETCATALOG_COMPILER_APPICON_NAME = AppIcon;
				CC = /usr/bin/clang;
				CLANG_ENABLE_MODULES = YES;
				CODE_SIGN_ENTITLEMENTS = Runner/Runner.entitlements;
				CURRENT_PROJECT_VERSION = "$(FLUTTER_BUILD_NUMBER)";
				CXX = "/usr/bin/clang++";
				DEVELOPMENT_TEAM = 25C7582VCX;
				ENABLE_BITCODE = NO;
				GCC_PREFIX_HEADER = "$(SRCROOT)/../native/lame_prefix.h";
				HEADER_SEARCH_PATHS = (
					"$(inherited)",
					"\"${PODS_CONFIGURATION_BUILD_DIR}/DKImagePickerController/DKImagePickerController.framework/Headers\"",
					"\"${PODS_CONFIGURATION_BUILD_DIR}/DKPhotoGallery/DKPhotoGallery.framework/Headers\"",
					"\"${PODS_CONFIGURATION_BUILD_DIR}/SDWebImage/SDWebImage.framework/Headers\"",
					"\"${PODS_CONFIGURATION_BUILD_DIR}/SwiftyGif/SwiftyGif.framework/Headers\"",
					"\"${PODS_CONFIGURATION_BUILD_DIR}/file_picker/file_picker.framework/Headers\"",
					"$(SRCROOT)/../native",
					"$(SRCROOT)/../native/lame_ios",
					"$(SRCROOT)/../native/sunvox_lib/sunvox_lib/headers",
				);
				INFOPLIST_FILE = Runner/Info.plist;
				INFOPLIST_KEY_NSPhotoLibraryUsageDescription = "This app may access your photo library when you choose images or media files to import.";
				LD_RUNPATH_SEARCH_PATHS = (
					"$(inherited)",
					"@executable_path/Frameworks",
				);
				OTHER_CFLAGS = (
					"-DHAVE_CONFIG_H",
					"-DSOUNDTOUCH_FLOAT_SAMPLES",
					"-DSOUNDTOUCH_ALLOW_NONEXACT_SIMD_OPTIMIZATION",
					"-DSOUNDTOUCH_DISABLE_X86_OPTIMIZATIONS",
				);
				PRODUCT_BUNDLE_IDENTIFIER = com.example.rehorsed;
				PRODUCT_NAME = "$(TARGET_NAME)";
				STRIP_STYLE = "non-global";
				SWIFT_OBJC_BRIDGING_HEADER = "Runner/Runner-Bridging-Header.h";
				SWIFT_VERSION = 5.0;
				VERSIONING_SYSTEM = "apple-generic";
			};
			name = Profile;
		};
		331C8088294A63A400263BE5 /* Debug */ = {
			isa = XCBuildConfiguration;
			baseConfigurationReference = A758A75BE61A808FE6863E4D /* Pods-RunnerTests.debug.xcconfig */;
			buildSettings = {
				BUNDLE_LOADER = "$(TEST_HOST)";
				CODE_SIGN_STYLE = Automatic;
				CURRENT_PROJECT_VERSION = 1;
				GENERATE_INFOPLIST_FILE = YES;
				MARKETING_VERSION = 1.0;
				PRODUCT_BUNDLE_IDENTIFIER = com.example.rehorsed.RunnerTests;
				PRODUCT_NAME = "$(TARGET_NAME)";
				SWIFT_ACTIVE_COMPILATION_CONDITIONS = DEBUG;
				SWIFT_OPTIMIZATION_LEVEL = "-Onone";
				SWIFT_VERSION = 5.0;
				TEST_HOST = "$(BUILT_PRODUCTS_DIR)/Runner.app/$(BUNDLE_EXECUTABLE_FOLDER_PATH)/Runner";
			};
			name = Debug;
		};
		331C8089294A63A400263BE5 /* Release */ = {
			isa = XCBuildConfiguration;
			baseConfigurationReference = 3865A30097AB0464DA51D342 /* Pods-RunnerTests.release.xcconfig */;
			buildSettings = {
				BUNDLE_LOADER = "$(TEST_HOST)";
				CODE_SIGN_STYLE = Automatic;
				CURRENT_PROJECT_VERSION = 1;
				DEVELOPMENT_TEAM = 25C7582VCX;
				GENERATE_INFOPLIST_FILE = YES;
				MARKETING_VERSION = 1.0;
				PRODUCT_BUNDLE_IDENTIFIER = com.example.rehorsed.RunnerTests;
				PRODUCT_NAME = "$(TARGET_NAME)";
				SWIFT_VERSION = 5.0;
				TEST_HOST = "$(BUILT_PRODUCTS_DIR)/Runner.app/$(BUNDLE_EXECUTABLE_FOLDER_PATH)/Runner";
			};
			name = Release;
		};
		331C808A294A63A400263BE5 /* Profile */ = {
			isa = XCBuildConfiguration;
			baseConfigurationReference = 123AF50FDB79E098493413AD /* Pods-RunnerTests.profile.xcconfig */;
			buildSettings = {
				BUNDLE_LOADER = "$(TEST_HOST)";
				CODE_SIGN_STYLE = Automatic;
				CURRENT_PROJECT_VERSION = 1;
				GENERATE_INFOPLIST_FILE = YES;
				MARKETING_VERSION = 1.0;
				PRODUCT_BUNDLE_IDENTIFIER = com.example.rehorsed.RunnerTests;
				PRODUCT_NAME = "$(TARGET_NAME)";
				SWIFT_VERSION = 5.0;
				TEST_HOST = "$(BUILT_PRODUCTS_DIR)/Runner.app/$(BUNDLE_EXECUTABLE_FOLDER_PATH)/Runner";
			};
			name = Profile;
		};
		97C147031CF9000F007C117D /* Debug */ = {
			isa = XCBuildConfiguration;
			buildSettings = {
				ALWAYS_SEARCH_USER_PATHS = NO;
				ASSETCATALOG_COMPILER_GENERATE_SWIFT_ASSET_SYMBOL_EXTENSIONS = AppIcon;
				CLANG_ANALYZER_NONNULL = YES;
				CLANG_CXX_LANGUAGE_STANDARD = "gnu++0x";
				CLANG_CXX_LIBRARY = "libc++";
				CLANG_ENABLE_MODULES = YES;
				CLANG_ENABLE_OBJC_ARC = YES;
				CLANG_WARN_BLOCK_CAPTURE_AUTORELEASING = YES;
				CLANG_WARN_BOOL_CONVERSION = YES;
				CLANG_WARN_COMMA = YES;
				CLANG_WARN_CONSTANT_CONVERSION = YES;
				CLANG_WARN_DEPRECATED_OBJC_IMPLEMENTATIONS = YES;
				CLANG_WARN_DIRECT_OBJC_ISA_USAGE = YES_ERROR;
				CLANG_WARN_EMPTY_BODY = YES;
				CLANG_WARN_ENUM_CONVERSION = YES;
				CLANG_WARN_INFINITE_RECURSION = YES;
				CLANG_WARN_INT_CONVERSION = YES;
				CLANG_WARN_NON_LITERAL_NULL_CONVERSION = YES;
				CLANG_WARN_OBJC_IMPLICIT_RETAIN_SELF = YES;
				CLANG_WARN_OBJC_LITERAL_CONVERSION = YES;
				CLANG_WARN_OBJC_ROOT_CLASS = YES_ERROR;
				CLANG_WARN_RANGE_LOOP_ANALYSIS = YES;
				CLANG_WARN_STRICT_PROTOTYPES = YES;
				CLANG_WARN_SUSPICIOUS_MOVE = YES;
				CLANG_WARN_UNREACHABLE_CODE = YES;
				CLANG_WARN__DUPLICATE_METHOD_MATCH = YES;
				"CODE_SIGN_IDENTITY[sdk=iphoneos*]" = "iPhone Developer";
				COPY_PHASE_STRIP = NO;
				DEBUG_INFORMATION_FORMAT = dwarf;
				ENABLE_STRICT_OBJC_MSGSEND = YES;
				ENABLE_TESTABILITY = YES;
				ENABLE_USER_SCRIPT_SANDBOXING = NO;
				GCC_C_LANGUAGE_STANDARD = gnu99;
				GCC_DYNAMIC_NO_PIC = NO;
				GCC_NO_COMMON_BLOCKS = YES;
				GCC_OPTIMIZATION_LEVEL = 0;
				GCC_PREPROCESSOR_DEFINITIONS = (
					"DEBUG=1",
					"$(inherited)",
				);
				GCC_WARN_64_TO_32_BIT_CONVERSION = YES;
				GCC_WARN_ABOUT_RETURN_TYPE = YES_ERROR;
				GCC_WARN_UNDECLARED_SELECTOR = YES;
				GCC_WARN_UNINITIALIZED_AUTOS = YES_AGGRESSIVE;
				GCC_WARN_UNUSED_FUNCTION = YES;
				GCC_WARN_UNUSED_VARIABLE = YES;
				IPHONEOS_DEPLOYMENT_TARGET = 14.0;
				MTL_ENABLE_DEBUG_INFO = YES;
				ONLY_ACTIVE_ARCH = YES;
				SDKROOT = iphoneos;
				TARGETED_DEVICE_FAMILY = 1;
			};
			name = Debug;
		};
		97C147041CF9000F007C117D /* Release */ = {
			isa = XCBuildConfiguration;
			buildSettings = {
				ALWAYS_SEARCH_USER_PATHS = NO;
				ASSETCATALOG_COMPILER_GENERATE_SWIFT_ASSET_SYMBOL_EXTENSIONS = AppIcon;
				CLANG_ANALYZER_NONNULL = YES;
				CLANG_CXX_LANGUAGE_STANDARD = "gnu++0x";
				CLANG_CXX_LIBRARY = "libc++";
				CLANG_ENABLE_MODULES = YES;
				CLANG_ENABLE_OBJC_ARC = YES;
				CLANG_WARN_BLOCK_CAPTURE_AUTORELEASING = YES;
				CLANG_WARN_BOOL_CONVERSION = YES;
				CLANG_WARN_COMMA = YES;
				CLANG_WARN_CONSTANT_CONVERSION = YES;
				CLANG_WARN_DEPRECATED_OBJC_IMPLEMENTATIONS = YES;
				CLANG_WARN_DIRECT_OBJC_ISA_USAGE = YES_ERROR;
				CLANG_WARN_EMPTY_BODY = YES;
				CLANG_WARN_ENUM_CONVERSION = YES;
				CLANG_WARN_INFINITE_RECURSION = YES;
				CLANG_WARN_INT_CONVERSION = YES;
				CLANG_WARN_NON_LITERAL_NULL_CONVERSION = YES;
				CLANG_WARN_OBJC_IMPLICIT_RETAIN_SELF = YES;
				CLANG_WARN_OBJC_LITERAL_CONVERSION = YES;
				CLANG_WARN_OBJC_ROOT_CLASS = YES_ERROR;
				CLANG_WARN_RANGE_LOOP_ANALYSIS = YES;
				CLANG_WARN_STRICT_PROTOTYPES = YES;
				CLANG_WARN_SUSPICIOUS_MOVE = YES;
				CLANG_WARN_UNREACHABLE_CODE = YES;
				CLANG_WARN__DUPLICATE_METHOD_MATCH = YES;
				"CODE_SIGN_IDENTITY[sdk=iphoneos*]" = "iPhone Developer";
				COPY_PHASE_STRIP = NO;
				DEBUG_INFORMATION_FORMAT = "dwarf-with-dsym";
				ENABLE_NS_ASSERTIONS = NO;
				ENABLE_STRICT_OBJC_MSGSEND = YES;
				ENABLE_USER_SCRIPT_SANDBOXING = NO;
				GCC_C_LANGUAGE_STANDARD = gnu99;
				GCC_NO_COMMON_BLOCKS = YES;
				GCC_WARN_64_TO_32_BIT_CONVERSION = YES;
				GCC_WARN_ABOUT_RETURN_TYPE = YES_ERROR;
				GCC_WARN_UNDECLARED_SELECTOR = YES;
				GCC_WARN_UNINITIALIZED_AUTOS = YES_AGGRESSIVE;
				GCC_WARN_UNUSED_FUNCTION = YES;
				GCC_WARN_UNUSED_VARIABLE = YES;
				IPHONEOS_DEPLOYMENT_TARGET = 14.0;
				MTL_ENABLE_DEBUG_INFO = NO;
				SDKROOT = iphoneos;
				SUPPORTED_PLATFORMS = "iphoneos iphonesimulator";
				SWIFT_COMPILATION_MODE = wholemodule;
				SWIFT_OPTIMIZATION_LEVEL = "-O";
				TARGETED_DEVICE_FAMILY = 1;
				VALIDATE_PRODUCT = YES;
			};
			name = Release;
		};
		97C147061CF9000F007C117D /* Debug */ = {
			isa = XCBuildConfiguration;
			baseConfigurationReference = 9740EEB21CF90195004384FC /* Debug.xcconfig */;
			buildSettings = {
				ASSETCATALOG_COMPILER_APPICON_NAME = AppIcon;
				CC = /usr/bin/clang;
				CLANG_ENABLE_MODULES = YES;
				CODE_SIGN_ENTITLEMENTS = Runner/Runner.entitlements;
				CURRENT_PROJECT_VERSION = "$(FLUTTER_BUILD_NUMBER)";
				CXX = "/usr/bin/clang++";
				DEVELOPMENT_TEAM = 25C7582VCX;
				ENABLE_BITCODE = NO;
				GCC_PREFIX_HEADER = "$(SRCROOT)/../native/lame_prefix.h";
				HEADER_SEARCH_PATHS = (
					"$(inherited)",
					"\"${PODS_CONFIGURATION_BUILD_DIR}/DKImagePickerController/DKImagePickerController.framework/Headers\"",
					"\"${PODS_CONFIGURATION_BUILD_DIR}/DKPhotoGallery/DKPhotoGallery.framework/Headers\"",
					"\"${PODS_CONFIGURATION_BUILD_DIR}/SDWebImage/SDWebImage.framework/Headers\"",
					"\"${PODS_CONFIGURATION_BUILD_DIR}/SwiftyGif/SwiftyGif.framework/Headers\"",
					"\"${PODS_CONFIGURATION_BUILD_DIR}/file_picker/file_picker.framework/Headers\"",
					"$(SRCROOT)/../native",
					"$(SRCROOT)/../native/lame_ios",
					"$(SRCROOT)/../native/sunvox_lib/sunvox_lib/headers",
				);
				INFOPLIST_FILE = Runner/Info.plist;
				INFOPLIST_KEY_NSPhotoLibraryUsageDescription = "This app may access your photo library when you choose images or media files to import.";
				LD_RUNPATH_SEARCH_PATHS = (
					"$(inherited)",
					"@executable_path/Frameworks",
				);
				OTHER_CFLAGS = (
					"-DHAVE_CONFIG_H",
					"-DSOUNDTOUCH_FLOAT_SAMPLES",
					"-DSOUNDTOUCH_ALLOW_NONEXACT_SIMD_OPTIMIZATION",
					"-DSOUNDTOUCH_DISABLE_X86_OPTIMIZATIONS",
				);
				PRODUCT_BUNDLE_IDENTIFIER = com.example.rehorsed;
				PRODUCT_NAME = "$(TARGET_NAME)";
				STRIP_STYLE = "non-global";
				SWIFT_OBJC_BRIDGING_HEADER = "Runner/Runner-Bridging-Header.h";
				SWIFT_OPTIMIZATION_LEVEL = "-Onone";
				SWIFT_VERSION = 5.0;
				VERSIONING_SYSTEM = "apple-generic";
			};
			name = Debug;
		};
		97C147071CF9000F007C117D /* Release */ = {
			isa = XCBuildConfiguration;
			baseConfigurationReference = 7AFA3C8E1D35360C0083082E /* Release.xcconfig */;
			buildSettings = {
				ASSETCATALOG_COMPILER_APPICON_NAME = AppIcon;
				CC = /usr/bin/clang;
				CLANG_ENABLE_MODULES = YES;
				CODE_SIGN_ENTITLEMENTS = Runner/Runner.entitlements;
				CURRENT_PROJECT_VERSION = "$(FLUTTER_BUILD_NUMBER)";
				CXX = "/usr/bin/clang++";
				DEVELOPMENT_TEAM = 25C7582VCX;
				ENABLE_BITCODE = NO;
				GCC_PREFIX_HEADER = "$(SRCROOT)/../native/lame_prefix.h";
				HEADER_SEARCH_PATHS = (
					"$(inherited)",
					"\"${PODS_CONFIGURATION_BUILD_DIR}/DKImagePickerController/DKImagePickerController.framework/Headers\"",
					"\"${PODS_CONFIGURATION_BUILD_DIR}/DKPhotoGallery/DKPhotoGallery.framework/Headers\"",
					"\"${PODS_CONFIGURATION_BUILD_DIR}/SDWebImage/SDWebImage.framework/Headers\"",
					"\"${PODS_CONFIGURATION_BUILD_DIR}/SwiftyGif/SwiftyGif.framework/Headers\"",
					"\"${PODS_CONFIGURATION_BUILD_DIR}/file_picker/file_picker.framework/Headers\"",
					"$(SRCROOT)/../native",
					"$(SRCROOT)/../native/lame_ios",
					"$(SRCROOT)/../native/sunvox_lib/sunvox_lib/headers",
				);
				INFOPLIST_FILE = Runner/Info.plist;
				INFOPLIST_KEY_NSPhotoLibraryUsageDescription = "This app may access your photo library when you choose images or media files to import.";
				LD_RUNPATH_SEARCH_PATHS = (
					"$(inherited)",
					"@executable_path/Frameworks",
				);
				OTHER_CFLAGS = (
					"-DHAVE_CONFIG_H",
					"-DSOUNDTOUCH_FLOAT_SAMPLES",
					"-DSOUNDTOUCH_ALLOW_NONEXACT_SIMD_OPTIMIZATION",
					"-DSOUNDTOUCH_DISABLE_X86_OPTIMIZATIONS",
				);
				PRODUCT_BUNDLE_IDENTIFIER = com.roman.rehorsed;
				PRODUCT_NAME = "$(TARGET_NAME)";
				STRIP_STYLE = "non-global";
				SWIFT_OBJC_BRIDGING_HEADER = "Runner/Runner-Bridging-Header.h";
				SWIFT_VERSION = 5.0;
				VERSIONING_SYSTEM = "apple-generic";
			};
			name = Release;
		};
/* End XCBuildConfiguration section */

/* Begin XCConfigurationList section */
		331C8087294A63A400263BE5 /* Build configuration list for PBXNativeTarget "RunnerTests" */ = {
			isa = XCConfigurationList;
			buildConfigurations = (
				331C8088294A63A400263BE5 /* Debug */,
				331C8089294A63A400263BE5 /* Release */,
				331C808A294A63A400263BE5 /* Profile */,
			);
			defaultConfigurationIsVisible = 0;
			defaultConfigurationName = Release;
		};
		97C146E91CF9000F007C117D /* Build configuration list for PBXProject "Runner" */ = {
			isa = XCConfigurationList;
			buildConfigurations = (
				97C147031CF9000F007C117D /* Debug */,
				97C147041CF9000F007C117D /* Release */,
				249021D3217E4FDB00AE95B9 /* Profile */,
			);
			defaultConfigurationIsVisible = 0;
			defaultConfigurationName = Release;
		};
		97C147051CF9000F007C117D /* Build configuration list for PBXNativeTarget "Runner" */ = {
			isa = XCConfigurationList;
			buildConfigurations = (
				97C147061CF9000F007C117D /* Debug */,
				97C147071CF9000F007C117D /* Release */,
				249021D4217E4FDB00AE95B9 /* Profile */,
			);
			defaultConfigurationIsVisible = 0;
			defaultConfigurationName = Release;
		};
/* End XCConfigurationList section */
	};
	rootObject = 97C146E61CF9000F007C117D /* Project object */;
}
